
Microsoft Visual Studio Solution File, Format Version 12.00
# Visual Studio Version 16
VisualStudioVersion = 16.0.31624.102
MinimumVisualStudioVersion = 10.0.40219.1
Project("{8BC9CEB8-8B4A-11D0-8D11-00A0C91BC942}") = "Sort_basic", "Sort_basic\Sort_basic.vcxproj", "{3DF6890C-F194-4877-9435-DEA425B304AD}"
EndProject
Global
	GlobalSection(SolutionConfigurationPlatforms) = preSolution
		Debug|x64 = Debug|x64
		Debug|x86 = Debug|x86
		Release|x64 = Release|x64
		Release|x86 = Release|x86
	EndGlobalSection
	GlobalSection(ProjectConfigurationPlatforms) = postSolution
		{3DF6890C-F194-4877-9435-DEA425B304AD}.Debug|x64.ActiveCfg = Debug|x64
		{3DF6890C-F194-4877-9435-DEA425B304AD}.Debug|x64.Build.0 = Debug|x64
		{3DF6890C-F194-4877-9435-DEA425B304AD}.Debug|x86.ActiveCfg = Debug|Win32
		{3DF6890C-F194-4877-9435-DEA425B304AD}.Debug|x86.Build.0 = Debug|Win32
		{3DF6890C-F194-4877-9435-DEA425B304AD}.Release|x64.ActiveCfg = Release|x64
		{3DF6890C-F194-4877-9435-DEA425B304AD}.Release|x64.Build.0 = Release|x64
		{3DF6890C-F194-4877-9435-DEA425B304AD}.Release|x86.ActiveCfg = Release|Win32
		{3DF6890C-F194-4877-9435-DEA425B304AD}.Release|x86.Build.0 = Release|Win32
	EndGlobalSection
	GlobalSection(SolutionProperties) = preSolution
		HideSolutionNode = FALSE
	EndGlobalSection
	GlobalSection(ExtensibilityGlobals) = postSolution
		SolutionGuid = {D910F7BF-420F-411F-9A3F-E9C1504D38DD}
	EndGlobalSection
EndGlobal
