
Microsoft Visual Studio Solution File, Format Version 12.00
# Visual Studio Version 16
VisualStudioVersion = 16.0.32228.343
MinimumVisualStudioVersion = 10.0.40219.1
Project("{8BC9CEB8-8B4A-11D0-8D11-00A0C91BC942}") = "test.4.12", "test.4.12\test.4.12.vcxproj", "{4DAF3AF7-1103-447E-ACC1-7E47774A8C4C}"
EndProject
Global
	GlobalSection(SolutionConfigurationPlatforms) = preSolution
		Debug|x64 = Debug|x64
		Debug|x86 = Debug|x86
		Release|x64 = Release|x64
		Release|x86 = Release|x86
	EndGlobalSection
	GlobalSection(ProjectConfigurationPlatforms) = postSolution
		{4DAF3AF7-1103-447E-ACC1-7E47774A8C4C}.Debug|x64.ActiveCfg = Debug|x64
		{4DAF3AF7-1103-447E-ACC1-7E47774A8C4C}.Debug|x64.Build.0 = Debug|x64
		{4DAF3AF7-1103-447E-ACC1-7E47774A8C4C}.Debug|x86.ActiveCfg = Debug|Win32
		{4DAF3AF7-1103-447E-ACC1-7E47774A8C4C}.Debug|x86.Build.0 = Debug|Win32
		{4DAF3AF7-1103-447E-ACC1-7E47774A8C4C}.Release|x64.ActiveCfg = Release|x64
		{4DAF3AF7-1103-447E-ACC1-7E47774A8C4C}.Release|x64.Build.0 = Release|x64
		{4DAF3AF7-1103-447E-ACC1-7E47774A8C4C}.Release|x86.ActiveCfg = Release|Win32
		{4DAF3AF7-1103-447E-ACC1-7E47774A8C4C}.Release|x86.Build.0 = Release|Win32
	EndGlobalSection
	GlobalSection(SolutionProperties) = preSolution
		HideSolutionNode = FALSE
	EndGlobalSection
	GlobalSection(ExtensibilityGlobals) = postSolution
		SolutionGuid = {C6089D3B-2094-46D3-9545-ECFB11DDC006}
	EndGlobalSection
EndGlobal
