
Microsoft Visual Studio Solution File, Format Version 12.00
# Visual Studio Version 16
VisualStudioVersion = 16.0.31729.503
MinimumVisualStudioVersion = 10.0.40219.1
Project("{8BC9CEB8-8B4A-11D0-8D11-00A0C91BC942}") = "test.3.13", "test.3.13\test.3.13.vcxproj", "{89502B0C-B94B-4754-88D4-AFC8395C5F69}"
EndProject
Global
	GlobalSection(SolutionConfigurationPlatforms) = preSolution
		Debug|x64 = Debug|x64
		Debug|x86 = Debug|x86
		Release|x64 = Release|x64
		Release|x86 = Release|x86
	EndGlobalSection
	GlobalSection(ProjectConfigurationPlatforms) = postSolution
		{89502B0C-B94B-4754-88D4-AFC8395C5F69}.Debug|x64.ActiveCfg = Debug|x64
		{89502B0C-B94B-4754-88D4-AFC8395C5F69}.Debug|x64.Build.0 = Debug|x64
		{89502B0C-B94B-4754-88D4-AFC8395C5F69}.Debug|x86.ActiveCfg = Debug|Win32
		{89502B0C-B94B-4754-88D4-AFC8395C5F69}.Debug|x86.Build.0 = Debug|Win32
		{89502B0C-B94B-4754-88D4-AFC8395C5F69}.Release|x64.ActiveCfg = Release|x64
		{89502B0C-B94B-4754-88D4-AFC8395C5F69}.Release|x64.Build.0 = Release|x64
		{89502B0C-B94B-4754-88D4-AFC8395C5F69}.Release|x86.ActiveCfg = Release|Win32
		{89502B0C-B94B-4754-88D4-AFC8395C5F69}.Release|x86.Build.0 = Release|Win32
	EndGlobalSection
	GlobalSection(SolutionProperties) = preSolution
		HideSolutionNode = FALSE
	EndGlobalSection
	GlobalSection(ExtensibilityGlobals) = postSolution
		SolutionGuid = {0D9EFA3A-D106-437A-918D-B115F01C6318}
	EndGlobalSection
EndGlobal
