
Microsoft Visual Studio Solution File, Format Version 12.00
# Visual Studio Version 16
VisualStudioVersion = 16.0.32802.440
MinimumVisualStudioVersion = 10.0.40219.1
Project("{8BC9CEB8-8B4A-11D0-8D11-00A0C91BC942}") = "test.9.7", "test.9.7\test.9.7.vcxproj", "{AEE4A8FA-5166-437E-8362-8F782D8E9330}"
EndProject
Global
	GlobalSection(SolutionConfigurationPlatforms) = preSolution
		Debug|x64 = Debug|x64
		Debug|x86 = Debug|x86
		Release|x64 = Release|x64
		Release|x86 = Release|x86
	EndGlobalSection
	GlobalSection(ProjectConfigurationPlatforms) = postSolution
		{AEE4A8FA-5166-437E-8362-8F782D8E9330}.Debug|x64.ActiveCfg = Debug|x64
		{AEE4A8FA-5166-437E-8362-8F782D8E9330}.Debug|x64.Build.0 = Debug|x64
		{AEE4A8FA-5166-437E-8362-8F782D8E9330}.Debug|x86.ActiveCfg = Debug|Win32
		{AEE4A8FA-5166-437E-8362-8F782D8E9330}.Debug|x86.Build.0 = Debug|Win32
		{AEE4A8FA-5166-437E-8362-8F782D8E9330}.Release|x64.ActiveCfg = Release|x64
		{AEE4A8FA-5166-437E-8362-8F782D8E9330}.Release|x64.Build.0 = Release|x64
		{AEE4A8FA-5166-437E-8362-8F782D8E9330}.Release|x86.ActiveCfg = Release|Win32
		{AEE4A8FA-5166-437E-8362-8F782D8E9330}.Release|x86.Build.0 = Release|Win32
	EndGlobalSection
	GlobalSection(SolutionProperties) = preSolution
		HideSolutionNode = FALSE
	EndGlobalSection
	GlobalSection(ExtensibilityGlobals) = postSolution
		SolutionGuid = {E42B1EA5-FB31-4FD4-BC6A-7B7FA7E9E65B}
	EndGlobalSection
EndGlobal
