
Microsoft Visual Studio Solution File, Format Version 12.00
# Visual Studio Version 16
VisualStudioVersion = 16.0.32802.440
MinimumVisualStudioVersion = 10.0.40219.1
Project("{8BC9CEB8-8B4A-11D0-8D11-00A0C91BC942}") = "test.9.8", "test.9.8\test.9.8.vcxproj", "{21C88CC3-108E-445A-8E89-8F7E2151D508}"
EndProject
Global
	GlobalSection(SolutionConfigurationPlatforms) = preSolution
		Debug|x64 = Debug|x64
		Debug|x86 = Debug|x86
		Release|x64 = Release|x64
		Release|x86 = Release|x86
	EndGlobalSection
	GlobalSection(ProjectConfigurationPlatforms) = postSolution
		{21C88CC3-108E-445A-8E89-8F7E2151D508}.Debug|x64.ActiveCfg = Debug|x64
		{21C88CC3-108E-445A-8E89-8F7E2151D508}.Debug|x64.Build.0 = Debug|x64
		{21C88CC3-108E-445A-8E89-8F7E2151D508}.Debug|x86.ActiveCfg = Debug|Win32
		{21C88CC3-108E-445A-8E89-8F7E2151D508}.Debug|x86.Build.0 = Debug|Win32
		{21C88CC3-108E-445A-8E89-8F7E2151D508}.Release|x64.ActiveCfg = Release|x64
		{21C88CC3-108E-445A-8E89-8F7E2151D508}.Release|x64.Build.0 = Release|x64
		{21C88CC3-108E-445A-8E89-8F7E2151D508}.Release|x86.ActiveCfg = Release|Win32
		{21C88CC3-108E-445A-8E89-8F7E2151D508}.Release|x86.Build.0 = Release|Win32
	EndGlobalSection
	GlobalSection(SolutionProperties) = preSolution
		HideSolutionNode = FALSE
	EndGlobalSection
	GlobalSection(ExtensibilityGlobals) = postSolution
		SolutionGuid = {05D398D7-B628-443C-B0D9-090CE211A242}
	EndGlobalSection
EndGlobal
