
Microsoft Visual Studio Solution File, Format Version 12.00
# Visual Studio Version 16
VisualStudioVersion = 16.0.31729.503
MinimumVisualStudioVersion = 10.0.40219.1
Project("{8BC9CEB8-8B4A-11D0-8D11-00A0C91BC942}") = "test.11.11", "test.11.11\test.11.11.vcxproj", "{B5C62618-3E33-4C75-8FF3-360FA6CE027E}"
EndProject
Global
	GlobalSection(SolutionConfigurationPlatforms) = preSolution
		Debug|x64 = Debug|x64
		Debug|x86 = Debug|x86
		Release|x64 = Release|x64
		Release|x86 = Release|x86
	EndGlobalSection
	GlobalSection(ProjectConfigurationPlatforms) = postSolution
		{B5C62618-3E33-4C75-8FF3-360FA6CE027E}.Debug|x64.ActiveCfg = Debug|x64
		{B5C62618-3E33-4C75-8FF3-360FA6CE027E}.Debug|x64.Build.0 = Debug|x64
		{B5C62618-3E33-4C75-8FF3-360FA6CE027E}.Debug|x86.ActiveCfg = Debug|Win32
		{B5C62618-3E33-4C75-8FF3-360FA6CE027E}.Debug|x86.Build.0 = Debug|Win32
		{B5C62618-3E33-4C75-8FF3-360FA6CE027E}.Release|x64.ActiveCfg = Release|x64
		{B5C62618-3E33-4C75-8FF3-360FA6CE027E}.Release|x64.Build.0 = Release|x64
		{B5C62618-3E33-4C75-8FF3-360FA6CE027E}.Release|x86.ActiveCfg = Release|Win32
		{B5C62618-3E33-4C75-8FF3-360FA6CE027E}.Release|x86.Build.0 = Release|Win32
	EndGlobalSection
	GlobalSection(SolutionProperties) = preSolution
		HideSolutionNode = FALSE
	EndGlobalSection
	GlobalSection(ExtensibilityGlobals) = postSolution
		SolutionGuid = {9D8EA6F0-6C37-49B4-AC83-384C3C939F53}
	EndGlobalSection
EndGlobal
