
Microsoft Visual Studio Solution File, Format Version 12.00
# Visual Studio Version 16
VisualStudioVersion = 16.0.31729.503
MinimumVisualStudioVersion = 10.0.40219.1
Project("{8BC9CEB8-8B4A-11D0-8D11-00A0C91BC942}") = "test.1.10", "test.1.10\test.1.10.vcxproj", "{6E28451E-F429-43A1-8D81-656DFE459EDD}"
EndProject
Global
	GlobalSection(SolutionConfigurationPlatforms) = preSolution
		Debug|x64 = Debug|x64
		Debug|x86 = Debug|x86
		Release|x64 = Release|x64
		Release|x86 = Release|x86
	EndGlobalSection
	GlobalSection(ProjectConfigurationPlatforms) = postSolution
		{6E28451E-F429-43A1-8D81-656DFE459EDD}.Debug|x64.ActiveCfg = Debug|x64
		{6E28451E-F429-43A1-8D81-656DFE459EDD}.Debug|x64.Build.0 = Debug|x64
		{6E28451E-F429-43A1-8D81-656DFE459EDD}.Debug|x86.ActiveCfg = Debug|Win32
		{6E28451E-F429-43A1-8D81-656DFE459EDD}.Debug|x86.Build.0 = Debug|Win32
		{6E28451E-F429-43A1-8D81-656DFE459EDD}.Release|x64.ActiveCfg = Release|x64
		{6E28451E-F429-43A1-8D81-656DFE459EDD}.Release|x64.Build.0 = Release|x64
		{6E28451E-F429-43A1-8D81-656DFE459EDD}.Release|x86.ActiveCfg = Release|Win32
		{6E28451E-F429-43A1-8D81-656DFE459EDD}.Release|x86.Build.0 = Release|Win32
	EndGlobalSection
	GlobalSection(SolutionProperties) = preSolution
		HideSolutionNode = FALSE
	EndGlobalSection
	GlobalSection(ExtensibilityGlobals) = postSolution
		SolutionGuid = {0F379597-736A-4D14-AC53-DFA0BDAE3F8D}
	EndGlobalSection
EndGlobal
