
Microsoft Visual Studio Solution File, Format Version 12.00
# Visual Studio Version 16
VisualStudioVersion = 16.0.32802.440
MinimumVisualStudioVersion = 10.0.40219.1
Project("{8BC9CEB8-8B4A-11D0-8D11-00A0C91BC942}") = "test.8.14", "test.8.14\test.8.14.vcxproj", "{B3DBBBB6-5802-4856-AF6F-4D2656571EDE}"
EndProject
Global
	GlobalSection(SolutionConfigurationPlatforms) = preSolution
		Debug|x64 = Debug|x64
		Debug|x86 = Debug|x86
		Release|x64 = Release|x64
		Release|x86 = Release|x86
	EndGlobalSection
	GlobalSection(ProjectConfigurationPlatforms) = postSolution
		{B3DBBBB6-5802-4856-AF6F-4D2656571EDE}.Debug|x64.ActiveCfg = Debug|x64
		{B3DBBBB6-5802-4856-AF6F-4D2656571EDE}.Debug|x64.Build.0 = Debug|x64
		{B3DBBBB6-5802-4856-AF6F-4D2656571EDE}.Debug|x86.ActiveCfg = Debug|Win32
		{B3DBBBB6-5802-4856-AF6F-4D2656571EDE}.Debug|x86.Build.0 = Debug|Win32
		{B3DBBBB6-5802-4856-AF6F-4D2656571EDE}.Release|x64.ActiveCfg = Release|x64
		{B3DBBBB6-5802-4856-AF6F-4D2656571EDE}.Release|x64.Build.0 = Release|x64
		{B3DBBBB6-5802-4856-AF6F-4D2656571EDE}.Release|x86.ActiveCfg = Release|Win32
		{B3DBBBB6-5802-4856-AF6F-4D2656571EDE}.Release|x86.Build.0 = Release|Win32
	EndGlobalSection
	GlobalSection(SolutionProperties) = preSolution
		HideSolutionNode = FALSE
	EndGlobalSection
	GlobalSection(ExtensibilityGlobals) = postSolution
		SolutionGuid = {2A4D8C67-83E8-4D23-8734-1E586394D681}
	EndGlobalSection
EndGlobal
