
Microsoft Visual Studio Solution File, Format Version 12.00
# Visual Studio Version 16
VisualStudioVersion = 16.0.32228.343
MinimumVisualStudioVersion = 10.0.40219.1
Project("{8BC9CEB8-8B4A-11D0-8D11-00A0C91BC942}") = "test.4.11", "test.4.11\test.4.11.vcxproj", "{57D98042-4E8F-4C14-8980-E2E0A9A7BBBF}"
EndProject
Global
	GlobalSection(SolutionConfigurationPlatforms) = preSolution
		Debug|x64 = Debug|x64
		Debug|x86 = Debug|x86
		Release|x64 = Release|x64
		Release|x86 = Release|x86
	EndGlobalSection
	GlobalSection(ProjectConfigurationPlatforms) = postSolution
		{57D98042-4E8F-4C14-8980-E2E0A9A7BBBF}.Debug|x64.ActiveCfg = Debug|x64
		{57D98042-4E8F-4C14-8980-E2E0A9A7BBBF}.Debug|x64.Build.0 = Debug|x64
		{57D98042-4E8F-4C14-8980-E2E0A9A7BBBF}.Debug|x86.ActiveCfg = Debug|Win32
		{57D98042-4E8F-4C14-8980-E2E0A9A7BBBF}.Debug|x86.Build.0 = Debug|Win32
		{57D98042-4E8F-4C14-8980-E2E0A9A7BBBF}.Release|x64.ActiveCfg = Release|x64
		{57D98042-4E8F-4C14-8980-E2E0A9A7BBBF}.Release|x64.Build.0 = Release|x64
		{57D98042-4E8F-4C14-8980-E2E0A9A7BBBF}.Release|x86.ActiveCfg = Release|Win32
		{57D98042-4E8F-4C14-8980-E2E0A9A7BBBF}.Release|x86.Build.0 = Release|Win32
	EndGlobalSection
	GlobalSection(SolutionProperties) = preSolution
		HideSolutionNode = FALSE
	EndGlobalSection
	GlobalSection(ExtensibilityGlobals) = postSolution
		SolutionGuid = {CB746A50-3987-4DDB-9772-69D40C37B5ED}
	EndGlobalSection
EndGlobal
